
Microsoft Visual Studio Solution File, Format Version 12.00
# Visual Studio Version 17
VisualStudioVersion = 17.5.002.0
MinimumVisualStudioVersion = 10.0.40219.1
Project("{9A19103F-16F7-4668-BE54-9A1E7A4F7556}") = "FPTBOK", "FPTBOK.csproj", "{31AAB832-A997-4D6D-84E2-8CDB54947023}"
EndProject
Global
	GlobalSection(SolutionConfigurationPlatforms) = preSolution
		Debug|Any CPU = Debug|Any CPU
		Release|Any CPU = Release|Any CPU
	EndGlobalSection
	GlobalSection(ProjectConfigurationPlatforms) = postSolution
		{31AAB832-A997-4D6D-84E2-8CDB54947023}.Debug|Any CPU.ActiveCfg = Debug|Any CPU
		{31AAB832-A997-4D6D-84E2-8CDB54947023}.Debug|Any CPU.Build.0 = Debug|Any CPU
		{31AAB832-A997-4D6D-84E2-8CDB54947023}.Release|Any CPU.ActiveCfg = Release|Any CPU
		{31AAB832-A997-4D6D-84E2-8CDB54947023}.Release|Any CPU.Build.0 = Release|Any CPU
	EndGlobalSection
	GlobalSection(SolutionProperties) = preSolution
		HideSolutionNode = FALSE
	EndGlobalSection
	GlobalSection(ExtensibilityGlobals) = postSolution
		SolutionGuid = {5846A74F-5821-4707-BB5D-3363069EED88}
	EndGlobalSection
EndGlobal
