
Microsoft Visual Studio Solution File, Format Version 12.00
# Visual Studio Version 17
VisualStudioVersion = 17.5.002.0
MinimumVisualStudioVersion = 10.0.40219.1
Project("{9A19103F-16F7-4668-BE54-9A1E7A4F7556}") = "FPTBOK", "FPTBOK.csproj", "{EE831163-B998-4440-99C6-D576ED841EC5}"
EndProject
Global
	GlobalSection(SolutionConfigurationPlatforms) = preSolution
		Debug|Any CPU = Debug|Any CPU
		Release|Any CPU = Release|Any CPU
	EndGlobalSection
	GlobalSection(ProjectConfigurationPlatforms) = postSolution
		{EE831163-B998-4440-99C6-D576ED841EC5}.Debug|Any CPU.ActiveCfg = Debug|Any CPU
		{EE831163-B998-4440-99C6-D576ED841EC5}.Debug|Any CPU.Build.0 = Debug|Any CPU
		{EE831163-B998-4440-99C6-D576ED841EC5}.Release|Any CPU.ActiveCfg = Release|Any CPU
		{EE831163-B998-4440-99C6-D576ED841EC5}.Release|Any CPU.Build.0 = Release|Any CPU
	EndGlobalSection
	GlobalSection(SolutionProperties) = preSolution
		HideSolutionNode = FALSE
	EndGlobalSection
	GlobalSection(ExtensibilityGlobals) = postSolution
		SolutionGuid = {E4E19A83-6C67-48C5-B5FC-02EBAD03F2FA}
	EndGlobalSection
EndGlobal
