
Microsoft Visual Studio Solution File, Format Version 12.00
# Visual Studio Version 17
VisualStudioVersion = 17.5.002.0
MinimumVisualStudioVersion = 10.0.40219.1
Project("{9A19103F-16F7-4668-BE54-9A1E7A4F7556}") = "BookFPTShop", "BookFPTShop.csproj", "{C69702F3-F3C0-4FD9-B807-00E411A2B53F}"
EndProject
Global
	GlobalSection(SolutionConfigurationPlatforms) = preSolution
		Debug|Any CPU = Debug|Any CPU
		Release|Any CPU = Release|Any CPU
	EndGlobalSection
	GlobalSection(ProjectConfigurationPlatforms) = postSolution
		{C69702F3-F3C0-4FD9-B807-00E411A2B53F}.Debug|Any CPU.ActiveCfg = Debug|Any CPU
		{C69702F3-F3C0-4FD9-B807-00E411A2B53F}.Debug|Any CPU.Build.0 = Debug|Any CPU
		{C69702F3-F3C0-4FD9-B807-00E411A2B53F}.Release|Any CPU.ActiveCfg = Release|Any CPU
		{C69702F3-F3C0-4FD9-B807-00E411A2B53F}.Release|Any CPU.Build.0 = Release|Any CPU
	EndGlobalSection
	GlobalSection(SolutionProperties) = preSolution
		HideSolutionNode = FALSE
	EndGlobalSection
	GlobalSection(ExtensibilityGlobals) = postSolution
		SolutionGuid = {FFCD27ED-CB40-4618-8DB0-E3501C8CBC11}
	EndGlobalSection
EndGlobal
